// !$*UTF8*$!
{
	archiveVersion = 1;
	classes = {
	};
	objectVersion = 56;
	objects = {

/* Begin PBXBuildFile section */
		0542432B2BCB30CB002EF575 /* FavoriteRecipeViewController.swift in Sources */ = {isa = PBXBuildFile; fileRef = 0542432A2BCB30CB002EF575 /* FavoriteRecipeViewController.swift */; };
		059D837C2BC9832100111476 /* Alamofire in Frameworks */ = {isa = PBXBuildFile; productRef = 059D837B2BC9832100111476 /* Alamofire */; };
		059D837E2BC9832100111476 /* AlamofireDynamic in Frameworks */ = {isa = PBXBuildFile; productRef = 059D837D2BC9832100111476 /* AlamofireDynamic */; };
		059D83802BC9832D00111476 /* Kingfisher in Frameworks */ = {isa = PBXBuildFile; productRef = 059D837F2BC9832D00111476 /* Kingfisher */; };
		05BA81982BC6EF5F009B8C8A /* AppDelegate.swift in Sources */ = {isa = PBXBuildFile; fileRef = 05BA81972BC6EF5F009B8C8A /* AppDelegate.swift */; };
		05BA819A2BC6EF5F009B8C8A /* SceneDelegate.swift in Sources */ = {isa = PBXBuildFile; fileRef = 05BA81992BC6EF5F009B8C8A /* SceneDelegate.swift */; };
		05BA819C2BC6EF5F009B8C8A /* RandomRecipeViewController.swift in Sources */ = {isa = PBXBuildFile; fileRef = 05BA819B2BC6EF5F009B8C8A /* RandomRecipeViewController.swift */; };
		05BA819F2BC6EF5F009B8C8A /* Base in Resources */ = {isa = PBXBuildFile; fileRef = 05BA819E2BC6EF5F009B8C8A /* Base */; };
		05BA81A22BC6EF5F009B8C8A /* eatIT.xcdatamodeld in Sources */ = {isa = PBXBuildFile; fileRef = 05BA81A02BC6EF5F009B8C8A /* eatIT.xcdatamodeld */; };
		05BA81A42BC6EF60009B8C8A /* Assets.xcassets in Resources */ = {isa = PBXBuildFile; fileRef = 05BA81A32BC6EF60009B8C8A /* Assets.xcassets */; };
		05BA81A72BC6EF60009B8C8A /* Base in Resources */ = {isa = PBXBuildFile; fileRef = 05BA81A62BC6EF60009B8C8A /* Base */; };
		05BA81B82BC6F60E009B8C8A /* Recipe.swift in Sources */ = {isa = PBXBuildFile; fileRef = 05BA81B72BC6F60E009B8C8A /* Recipe.swift */; };
		05F601A72BC88501007F21F0 /* FavoritesListViewController.swift in Sources */ = {isa = PBXBuildFile; fileRef = 05F601A62BC88501007F21F0 /* FavoritesListViewController.swift */; };
		05F601AA2BC95729007F21F0 /* StorageManager.swift in Sources */ = {isa = PBXBuildFile; fileRef = 05F601A92BC95729007F21F0 /* StorageManager.swift */; };
		05F601AC2BC95737007F21F0 /* NetworkManager.swift in Sources */ = {isa = PBXBuildFile; fileRef = 05F601AB2BC95737007F21F0 /* NetworkManager.swift */; };
/* End PBXBuildFile section */

/* Begin PBXFileReference section */
		0542432A2BCB30CB002EF575 /* FavoriteRecipeViewController.swift */ = {isa = PBXFileReference; lastKnownFileType = sourcecode.swift; path = FavoriteRecipeViewController.swift; sourceTree = "<group>"; };
		05BA81942BC6EF5F009B8C8A /* eatIT.app */ = {isa = PBXFileReference; explicitFileType = wrapper.application; includeInIndex = 0; path = eatIT.app; sourceTree = BUILT_PRODUCTS_DIR; };
		05BA81972BC6EF5F009B8C8A /* AppDelegate.swift */ = {isa = PBXFileReference; lastKnownFileType = sourcecode.swift; path = AppDelegate.swift; sourceTree = "<group>"; };
		05BA81992BC6EF5F009B8C8A /* SceneDelegate.swift */ = {isa = PBXFileReference; lastKnownFileType = sourcecode.swift; path = SceneDelegate.swift; sourceTree = "<group>"; };
		05BA819B2BC6EF5F009B8C8A /* RandomRecipeViewController.swift */ = {isa = PBXFileReference; lastKnownFileType = sourcecode.swift; path = RandomRecipeViewController.swift; sourceTree = "<group>"; };
		05BA819E2BC6EF5F009B8C8A /* Base */ = {isa = PBXFileReference; lastKnownFileType = file.storyboard; name = Base; path = Base.lproj/Main.storyboard; sourceTree = "<group>"; };
		05BA81A12BC6EF5F009B8C8A /* eatIT.xcdatamodel */ = {isa = PBXFileReference; lastKnownFileType = wrapper.xcdatamodel; path = eatIT.xcdatamodel; sourceTree = "<group>"; };
		05BA81A32BC6EF60009B8C8A /* Assets.xcassets */ = {isa = PBXFileReference; lastKnownFileType = folder.assetcatalog; path = Assets.xcassets; sourceTree = "<group>"; };
		05BA81A62BC6EF60009B8C8A /* Base */ = {isa = PBXFileReference; lastKnownFileType = file.storyboard; name = Base; path = Base.lproj/LaunchScreen.storyboard; sourceTree = "<group>"; };
		05BA81A82BC6EF60009B8C8A /* Info.plist */ = {isa = PBXFileReference; lastKnownFileType = text.plist.xml; path = Info.plist; sourceTree = "<group>"; };
		05BA81B72BC6F60E009B8C8A /* Recipe.swift */ = {isa = PBXFileReference; lastKnownFileType = sourcecode.swift; path = Recipe.swift; sourceTree = "<group>"; };
		05F601A62BC88501007F21F0 /* FavoritesListViewController.swift */ = {isa = PBXFileReference; lastKnownFileType = sourcecode.swift; path = FavoritesListViewController.swift; sourceTree = "<group>"; };
		05F601A92BC95729007F21F0 /* StorageManager.swift */ = {isa = PBXFileReference; lastKnownFileType = sourcecode.swift; path = StorageManager.swift; sourceTree = "<group>"; };
		05F601AB2BC95737007F21F0 /* NetworkManager.swift */ = {isa = PBXFileReference; lastKnownFileType = sourcecode.swift; path = NetworkManager.swift; sourceTree = "<group>"; };
/* End PBXFileReference section */

/* Begin PBXFrameworksBuildPhase section */
		05BA81912BC6EF5F009B8C8A /* Frameworks */ = {
			isa = PBXFrameworksBuildPhase;
			buildActionMask = 2147483647;
			files = (
				059D83802BC9832D00111476 /* Kingfisher in Frameworks */,
				059D837C2BC9832100111476 /* Alamofire in Frameworks */,
				059D837E2BC9832100111476 /* AlamofireDynamic in Frameworks */,
			);
			runOnlyForDeploymentPostprocessing = 0;
		};
/* End PBXFrameworksBuildPhase section */

/* Begin PBXGroup section */
		05BA818B2BC6EF5F009B8C8A = {
			isa = PBXGroup;
			children = (
				05BA81962BC6EF5F009B8C8A /* eatIT */,
				05BA81952BC6EF5F009B8C8A /* Products */,
			);
			sourceTree = "<group>";
		};
		05BA81952BC6EF5F009B8C8A /* Products */ = {
			isa = PBXGroup;
			children = (
				05BA81942BC6EF5F009B8C8A /* eatIT.app */,
			);
			name = Products;
			sourceTree = "<group>";
		};
		05BA81962BC6EF5F009B8C8A /* eatIT */ = {
			isa = PBXGroup;
			children = (
				05BA81B42BC6F010009B8C8A /* ViewControllers */,
				05BA81B62BC6F029009B8C8A /* Storyboards */,
				05F601A82BC956D8007F21F0 /* Services */,
				05BA81B52BC6F022009B8C8A /* Models */,
				05BA81B32BC6EFD3009B8C8A /* Configuration */,
				05BA81A32BC6EF60009B8C8A /* Assets.xcassets */,
			);
			path = eatIT;
			sourceTree = "<group>";
		};
		05BA81B32BC6EFD3009B8C8A /* Configuration */ = {
			isa = PBXGroup;
			children = (
				05BA81972BC6EF5F009B8C8A /* AppDelegate.swift */,
				05BA81992BC6EF5F009B8C8A /* SceneDelegate.swift */,
				05BA81A82BC6EF60009B8C8A /* Info.plist */,
			);
			path = Configuration;
			sourceTree = "<group>";
		};
		05BA81B42BC6F010009B8C8A /* ViewControllers */ = {
			isa = PBXGroup;
			children = (
				05BA819B2BC6EF5F009B8C8A /* RandomRecipeViewController.swift */,
				05F601A62BC88501007F21F0 /* FavoritesListViewController.swift */,
				0542432A2BCB30CB002EF575 /* FavoriteRecipeViewController.swift */,
			);
			path = ViewControllers;
			sourceTree = "<group>";
		};
		05BA81B52BC6F022009B8C8A /* Models */ = {
			isa = PBXGroup;
			children = (
				05BA81A02BC6EF5F009B8C8A /* eatIT.xcdatamodeld */,
				05BA81B72BC6F60E009B8C8A /* Recipe.swift */,
			);
			path = Models;
			sourceTree = "<group>";
		};
		05BA81B62BC6F029009B8C8A /* Storyboards */ = {
			isa = PBXGroup;
			children = (
				05BA819D2BC6EF5F009B8C8A /* Main.storyboard */,
				05BA81A52BC6EF60009B8C8A /* LaunchScreen.storyboard */,
			);
			path = Storyboards;
			sourceTree = "<group>";
		};
		05F601A82BC956D8007F21F0 /* Services */ = {
			isa = PBXGroup;
			children = (
				05F601A92BC95729007F21F0 /* StorageManager.swift */,
				05F601AB2BC95737007F21F0 /* NetworkManager.swift */,
			);
			path = Services;
			sourceTree = "<group>";
		};
/* End PBXGroup section */

/* Begin PBXNativeTarget section */
		05BA81932BC6EF5F009B8C8A /* eatIT */ = {
			isa = PBXNativeTarget;
			buildConfigurationList = 05BA81AB2BC6EF60009B8C8A /* Build configuration list for PBXNativeTarget "eatIT" */;
			buildPhases = (
				05BA81902BC6EF5F009B8C8A /* Sources */,
				05BA81912BC6EF5F009B8C8A /* Frameworks */,
				05BA81922BC6EF5F009B8C8A /* Resources */,
			);
			buildRules = (
			);
			dependencies = (
			);
			name = eatIT;
			packageProductDependencies = (
				059D837B2BC9832100111476 /* Alamofire */,
				059D837D2BC9832100111476 /* AlamofireDynamic */,
				059D837F2BC9832D00111476 /* Kingfisher */,
			);
			productName = eatIT;
			productReference = 05BA81942BC6EF5F009B8C8A /* eatIT.app */;
			productType = "com.apple.product-type.application";
		};
/* End PBXNativeTarget section */

/* Begin PBXProject section */
		05BA818C2BC6EF5F009B8C8A /* Project object */ = {
			isa = PBXProject;
			attributes = {
				BuildIndependentTargetsInParallel = 1;
				LastSwiftUpdateCheck = 1530;
				LastUpgradeCheck = 1530;
				TargetAttributes = {
					05BA81932BC6EF5F009B8C8A = {
						CreatedOnToolsVersion = 15.3;
					};
				};
			};
			buildConfigurationList = 05BA818F2BC6EF5F009B8C8A /* Build configuration list for PBXProject "eatIT" */;
			compatibilityVersion = "Xcode 14.0";
			developmentRegion = en;
			hasScannedForEncodings = 0;
			knownRegions = (
				en,
				Base,
			);
			mainGroup = 05BA818B2BC6EF5F009B8C8A;
			packageReferences = (
				05BA81AE2BC6EFBA009B8C8A /* XCRemoteSwiftPackageReference "Alamofire" */,
				055C76BC2BC971B0000345BC /* XCRemoteSwiftPackageReference "Kingfisher" */,
			);
			productRefGroup = 05BA81952BC6EF5F009B8C8A /* Products */;
			projectDirPath = "";
			projectRoot = "";
			targets = (
				05BA81932BC6EF5F009B8C8A /* eatIT */,
			);
		};
/* End PBXProject section */

/* Begin PBXResourcesBuildPhase section */
		05BA81922BC6EF5F009B8C8A /* Resources */ = {
			isa = PBXResourcesBuildPhase;
			buildActionMask = 2147483647;
			files = (
				05BA81A42BC6EF60009B8C8A /* Assets.xcassets in Resources */,
				05BA81A72BC6EF60009B8C8A /* Base in Resources */,
				05BA819F2BC6EF5F009B8C8A /* Base in Resources */,
			);
			runOnlyForDeploymentPostprocessing = 0;
		};
/* End PBXResourcesBuildPhase section */

/* Begin PBXSourcesBuildPhase section */
		05BA81902BC6EF5F009B8C8A /* Sources */ = {
			isa = PBXSourcesBuildPhase;
			buildActionMask = 2147483647;
			files = (
				05F601A72BC88501007F21F0 /* FavoritesListViewController.swift in Sources */,
				05BA819C2BC6EF5F009B8C8A /* RandomRecipeViewController.swift in Sources */,
				05BA81A22BC6EF5F009B8C8A /* eatIT.xcdatamodeld in Sources */,
				05F601AA2BC95729007F21F0 /* StorageManager.swift in Sources */,
				05F601AC2BC95737007F21F0 /* NetworkManager.swift in Sources */,
				05BA81982BC6EF5F009B8C8A /* AppDelegate.swift in Sources */,
				0542432B2BCB30CB002EF575 /* FavoriteRecipeViewController.swift in Sources */,
				05BA819A2BC6EF5F009B8C8A /* SceneDelegate.swift in Sources */,
				05BA81B82BC6F60E009B8C8A /* Recipe.swift in Sources */,
			);
			runOnlyForDeploymentPostprocessing = 0;
		};
/* End PBXSourcesBuildPhase section */

/* Begin PBXVariantGroup section */
		05BA819D2BC6EF5F009B8C8A /* Main.storyboard */ = {
			isa = PBXVariantGroup;
			children = (
				05BA819E2BC6EF5F009B8C8A /* Base */,
			);
			name = Main.storyboard;
			sourceTree = "<group>";
		};
		05BA81A52BC6EF60009B8C8A /* LaunchScreen.storyboard */ = {
			isa = PBXVariantGroup;
			children = (
				05BA81A62BC6EF60009B8C8A /* Base */,
			);
			name = LaunchScreen.storyboard;
			sourceTree = "<group>";
		};
/* End PBXVariantGroup section */

/* Begin XCBuildConfiguration section */
		05BA81A92BC6EF60009B8C8A /* Debug */ = {
			isa = XCBuildConfiguration;
			buildSettings = {
				ALWAYS_SEARCH_USER_PATHS = NO;
				ASSETCATALOG_COMPILER_GENERATE_SWIFT_ASSET_SYMBOL_EXTENSIONS = YES;
				CLANG_ANALYZER_NONNULL = YES;
				CLANG_ANALYZER_NUMBER_OBJECT_CONVERSION = YES_AGGRESSIVE;
				CLANG_CXX_LANGUAGE_STANDARD = "gnu++20";
				CLANG_ENABLE_MODULES = YES;
				CLANG_ENABLE_OBJC_ARC = YES;
				CLANG_ENABLE_OBJC_WEAK = YES;
				CLANG_WARN_BLOCK_CAPTURE_AUTORELEASING = YES;
				CLANG_WARN_BOOL_CONVERSION = YES;
				CLANG_WARN_COMMA = YES;
				CLANG_WARN_CONSTANT_CONVERSION = YES;
				CLANG_WARN_DEPRECATED_OBJC_IMPLEMENTATIONS = YES;
				CLANG_WARN_DIRECT_OBJC_ISA_USAGE = YES_ERROR;
				CLANG_WARN_DOCUMENTATION_COMMENTS = YES;
				CLANG_WARN_EMPTY_BODY = YES;
				CLANG_WARN_ENUM_CONVERSION = YES;
				CLANG_WARN_INFINITE_RECURSION = YES;
				CLANG_WARN_INT_CONVERSION = YES;
				CLANG_WARN_NON_LITERAL_NULL_CONVERSION = YES;
				CLANG_WARN_OBJC_IMPLICIT_RETAIN_SELF = YES;
				CLANG_WARN_OBJC_LITERAL_CONVERSION = YES;
				CLANG_WARN_OBJC_ROOT_CLASS = YES_ERROR;
				CLANG_WARN_QUOTED_INCLUDE_IN_FRAMEWORK_HEADER = YES;
				CLANG_WARN_RANGE_LOOP_ANALYSIS = YES;
				CLANG_WARN_STRICT_PROTOTYPES = YES;
				CLANG_WARN_SUSPICIOUS_MOVE = YES;
				CLANG_WARN_UNGUARDED_AVAILABILITY = YES_AGGRESSIVE;
				CLANG_WARN_UNREACHABLE_CODE = YES;
				CLANG_WARN__DUPLICATE_METHOD_MATCH = YES;
				COPY_PHASE_STRIP = NO;
				DEBUG_INFORMATION_FORMAT = dwarf;
				ENABLE_STRICT_OBJC_MSGSEND = YES;
				ENABLE_TESTABILITY = YES;
				ENABLE_USER_SCRIPT_SANDBOXING = YES;
				GCC_C_LANGUAGE_STANDARD = gnu17;
				GCC_DYNAMIC_NO_PIC = NO;
				GCC_NO_COMMON_BLOCKS = YES;
				GCC_OPTIMIZATION_LEVEL = 0;
				GCC_PREPROCESSOR_DEFINITIONS = (
					"DEBUG=1",
					"$(inherited)",
				);
				GCC_WARN_64_TO_32_BIT_CONVERSION = YES;
				GCC_WARN_ABOUT_RETURN_TYPE = YES_ERROR;
				GCC_WARN_UNDECLARED_SELECTOR = YES;
				GCC_WARN_UNINITIALIZED_AUTOS = YES_AGGRESSIVE;
				GCC_WARN_UNUSED_FUNCTION = YES;
				GCC_WARN_UNUSED_VARIABLE = YES;
				IPHONEOS_DEPLOYMENT_TARGET = 17.4;
				LOCALIZATION_PREFERS_STRING_CATALOGS = YES;
				MTL_ENABLE_DEBUG_INFO = INCLUDE_SOURCE;
				MTL_FAST_MATH = YES;
				ONLY_ACTIVE_ARCH = YES;
				SDKROOT = iphoneos;
				SWIFT_ACTIVE_COMPILATION_CONDITIONS = "DEBUG $(inherited)";
				SWIFT_OPTIMIZATION_LEVEL = "-Onone";
			};
			name = Debug;
		};
		05BA81AA2BC6EF60009B8C8A /* Release */ = {
			isa = XCBuildConfiguration;
			buildSettings = {
				ALWAYS_SEARCH_USER_PATHS = NO;
				ASSETCATALOG_COMPILER_GENERATE_SWIFT_ASSET_SYMBOL_EXTENSIONS = YES;
				CLANG_ANALYZER_NONNULL = YES;
				CLANG_ANALYZER_NUMBER_OBJECT_CONVERSION = YES_AGGRESSIVE;
				CLANG_CXX_LANGUAGE_STANDARD = "gnu++20";
				CLANG_ENABLE_MODULES = YES;
				CLANG_ENABLE_OBJC_ARC = YES;
				CLANG_ENABLE_OBJC_WEAK = YES;
				CLANG_WARN_BLOCK_CAPTURE_AUTORELEASING = YES;
				CLANG_WARN_BOOL_CONVERSION = YES;
				CLANG_WARN_COMMA = YES;
				CLANG_WARN_CONSTANT_CONVERSION = YES;
				CLANG_WARN_DEPRECATED_OBJC_IMPLEMENTATIONS = YES;
				CLANG_WARN_DIRECT_OBJC_ISA_USAGE = YES_ERROR;
				CLANG_WARN_DOCUMENTATION_COMMENTS = YES;
				CLANG_WARN_EMPTY_BODY = YES;
				CLANG_WARN_ENUM_CONVERSION = YES;
				CLANG_WARN_INFINITE_RECURSION = YES;
				CLANG_WARN_INT_CONVERSION = YES;
				CLANG_WARN_NON_LITERAL_NULL_CONVERSION = YES;
				CLANG_WARN_OBJC_IMPLICIT_RETAIN_SELF = YES;
				CLANG_WARN_OBJC_LITERAL_CONVERSION = YES;
				CLANG_WARN_OBJC_ROOT_CLASS = YES_ERROR;
				CLANG_WARN_QUOTED_INCLUDE_IN_FRAMEWORK_HEADER = YES;
				CLANG_WARN_RANGE_LOOP_ANALYSIS = YES;
				CLANG_WARN_STRICT_PROTOTYPES = YES;
				CLANG_WARN_SUSPICIOUS_MOVE = YES;
				CLANG_WARN_UNGUARDED_AVAILABILITY = YES_AGGRESSIVE;
				CLANG_WARN_UNREACHABLE_CODE = YES;
				CLANG_WARN__DUPLICATE_METHOD_MATCH = YES;
				COPY_PHASE_STRIP = NO;
				DEBUG_INFORMATION_FORMAT = "dwarf-with-dsym";
				ENABLE_NS_ASSERTIONS = NO;
				ENABLE_STRICT_OBJC_MSGSEND = YES;
				ENABLE_USER_SCRIPT_SANDBOXING = YES;
				GCC_C_LANGUAGE_STANDARD = gnu17;
				GCC_NO_COMMON_BLOCKS = YES;
				GCC_WARN_64_TO_32_BIT_CONVERSION = YES;
				GCC_WARN_ABOUT_RETURN_TYPE = YES_ERROR;
				GCC_WARN_UNDECLARED_SELECTOR = YES;
				GCC_WARN_UNINITIALIZED_AUTOS = YES_AGGRESSIVE;
				GCC_WARN_UNUSED_FUNCTION = YES;
				GCC_WARN_UNUSED_VARIABLE = YES;
				IPHONEOS_DEPLOYMENT_TARGET = 17.4;
				LOCALIZATION_PREFERS_STRING_CATALOGS = YES;
				MTL_ENABLE_DEBUG_INFO = NO;
				MTL_FAST_MATH = YES;
				SDKROOT = iphoneos;
				SWIFT_COMPILATION_MODE = wholemodule;
				VALIDATE_PRODUCT = YES;
			};
			name = Release;
		};
		05BA81AC2BC6EF60009B8C8A /* Debug */ = {
			isa = XCBuildConfiguration;
			buildSettings = {
				ASSETCATALOG_COMPILER_APPICON_NAME = AppIcon;
				ASSETCATALOG_COMPILER_GLOBAL_ACCENT_COLOR_NAME = AccentColor;
				CODE_SIGN_STYLE = Automatic;
				CURRENT_PROJECT_VERSION = 1;
				DEVELOPMENT_TEAM = AM64M5A8BU;
				GENERATE_INFOPLIST_FILE = YES;
				INFOPLIST_FILE = eatIT/Configuration/Info.plist;
				INFOPLIST_KEY_CFBundleDisplayName = "Eat It";
				INFOPLIST_KEY_LSApplicationCategoryType = "public.app-category.food-and-drink";
				INFOPLIST_KEY_UIApplicationSupportsIndirectInputEvents = YES;
				INFOPLIST_KEY_UILaunchStoryboardName = LaunchScreen;
				INFOPLIST_KEY_UIMainStoryboardFile = Main;
				INFOPLIST_KEY_UISupportedInterfaceOrientations = UIInterfaceOrientationPortrait;
				INFOPLIST_KEY_UISupportedInterfaceOrientations_iPad = "UIInterfaceOrientationLandscapeLeft UIInterfaceOrientationLandscapeRight UIInterfaceOrientationPortrait UIInterfaceOrientationPortraitUpsideDown";
				LD_RUNPATH_SEARCH_PATHS = (
					"$(inherited)",
					"@executable_path/Frameworks",
				);
				MARKETING_VERSION = 1.0;
				PRODUCT_BUNDLE_IDENTIFIER = DnD.eatIT;
				PRODUCT_NAME = "$(TARGET_NAME)";
				SUPPORTED_PLATFORMS = "iphoneos iphonesimulator";
				SUPPORTS_MACCATALYST = NO;
				SUPPORTS_MAC_DESIGNED_FOR_IPHONE_IPAD = NO;
				SUPPORTS_XR_DESIGNED_FOR_IPHONE_IPAD = NO;
				SWIFT_EMIT_LOC_STRINGS = YES;
				SWIFT_VERSION = 5.0;
				TARGETED_DEVICE_FAMILY = 1;
			};
			name = Debug;
		};
		05BA81AD2BC6EF60009B8C8A /* Release */ = {
			isa = XCBuildConfiguration;
			buildSettings = {
				ASSETCATALOG_COMPILER_APPICON_NAME = AppIcon;
				ASSETCATALOG_COMPILER_GLOBAL_ACCENT_COLOR_NAME = AccentColor;
				CODE_SIGN_STYLE = Automatic;
				CURRENT_PROJECT_VERSION = 1;
				DEVELOPMENT_TEAM = AM64M5A8BU;
				GENERATE_INFOPLIST_FILE = YES;
				INFOPLIST_FILE = eatIT/Configuration/Info.plist;
				INFOPLIST_KEY_CFBundleDisplayName = "Eat It";
				INFOPLIST_KEY_LSApplicationCategoryType = "public.app-category.food-and-drink";
				INFOPLIST_KEY_UIApplicationSupportsIndirectInputEvents = YES;
				INFOPLIST_KEY_UILaunchStoryboardName = LaunchScreen;
				INFOPLIST_KEY_UIMainStoryboardFile = Main;
				INFOPLIST_KEY_UISupportedInterfaceOrientations = UIInterfaceOrientationPortrait;
				INFOPLIST_KEY_UISupportedInterfaceOrientations_iPad = "UIInterfaceOrientationLandscapeLeft UIInterfaceOrientationLandscapeRight UIInterfaceOrientationPortrait UIInterfaceOrientationPortraitUpsideDown";
				LD_RUNPATH_SEARCH_PATHS = (
					"$(inherited)",
					"@executable_path/Frameworks",
				);
				MARKETING_VERSION = 1.0;
				PRODUCT_BUNDLE_IDENTIFIER = DnD.eatIT;
				PRODUCT_NAME = "$(TARGET_NAME)";
				SUPPORTED_PLATFORMS = "iphoneos iphonesimulator";
				SUPPORTS_MACCATALYST = NO;
				SUPPORTS_MAC_DESIGNED_FOR_IPHONE_IPAD = NO;
				SUPPORTS_XR_DESIGNED_FOR_IPHONE_IPAD = NO;
				SWIFT_EMIT_LOC_STRINGS = YES;
				SWIFT_VERSION = 5.0;
				TARGETED_DEVICE_FAMILY = 1;
			};
			name = Release;
		};
/* End XCBuildConfiguration section */

/* Begin XCConfigurationList section */
		05BA818F2BC6EF5F009B8C8A /* Build configuration list for PBXProject "eatIT" */ = {
			isa = XCConfigurationList;
			buildConfigurations = (
				05BA81A92BC6EF60009B8C8A /* Debug */,
				05BA81AA2BC6EF60009B8C8A /* Release */,
			);
			defaultConfigurationIsVisible = 0;
			defaultConfigurationName = Release;
		};
		05BA81AB2BC6EF60009B8C8A /* Build configuration list for PBXNativeTarget "eatIT" */ = {
			isa = XCConfigurationList;
			buildConfigurations = (
				05BA81AC2BC6EF60009B8C8A /* Debug */,
				05BA81AD2BC6EF60009B8C8A /* Release */,
			);
			defaultConfigurationIsVisible = 0;
			defaultConfigurationName = Release;
		};
/* End XCConfigurationList section */

/* Begin XCRemoteSwiftPackageReference section */
		055C76BC2BC971B0000345BC /* XCRemoteSwiftPackageReference "Kingfisher" */ = {
			isa = XCRemoteSwiftPackageReference;
			repositoryURL = "https://github.com/onevcat/Kingfisher.git";
			requirement = {
				kind = upToNextMajorVersion;
				minimumVersion = 7.11.0;
			};
		};
		05BA81AE2BC6EFBA009B8C8A /* XCRemoteSwiftPackageReference "Alamofire" */ = {
			isa = XCRemoteSwiftPackageReference;
			repositoryURL = "https://github.com/Alamofire/Alamofire.git";
			requirement = {
				kind = upToNextMajorVersion;
				minimumVersion = 5.9.1;
			};
		};
/* End XCRemoteSwiftPackageReference section */

/* Begin XCSwiftPackageProductDependency section */
		059D837B2BC9832100111476 /* Alamofire */ = {
			isa = XCSwiftPackageProductDependency;
			package = 05BA81AE2BC6EFBA009B8C8A /* XCRemoteSwiftPackageReference "Alamofire" */;
			productName = Alamofire;
		};
		059D837D2BC9832100111476 /* AlamofireDynamic */ = {
			isa = XCSwiftPackageProductDependency;
			package = 05BA81AE2BC6EFBA009B8C8A /* XCRemoteSwiftPackageReference "Alamofire" */;
			productName = AlamofireDynamic;
		};
		059D837F2BC9832D00111476 /* Kingfisher */ = {
			isa = XCSwiftPackageProductDependency;
			package = 055C76BC2BC971B0000345BC /* XCRemoteSwiftPackageReference "Kingfisher" */;
			productName = Kingfisher;
		};
/* End XCSwiftPackageProductDependency section */

/* Begin XCVersionGroup section */
		05BA81A02BC6EF5F009B8C8A /* eatIT.xcdatamodeld */ = {
			isa = XCVersionGroup;
			children = (
				05BA81A12BC6EF5F009B8C8A /* eatIT.xcdatamodel */,
			);
			currentVersion = 05BA81A12BC6EF5F009B8C8A /* eatIT.xcdatamodel */;
			path = eatIT.xcdatamodeld;
			sourceTree = "<group>";
			versionGroupType = wrapper.xcdatamodel;
		};
/* End XCVersionGroup section */
	};
	rootObject = 05BA818C2BC6EF5F009B8C8A /* Project object */;
}
